// !$*UTF8*$!
{
	archiveVersion = 1;
	classes = {
	};
	objectVersion = 55;
	objects = {

/* Begin PBXBuildFile section */
		60B7561C28A544380055CA02 /* AppDelegate.swift in Sources */ = {isa = PBXBuildFile; fileRef = 60B7561B28A544380055CA02 /* AppDelegate.swift */; };
		60B7561E28A544380055CA02 /* SceneDelegate.swift in Sources */ = {isa = PBXBuildFile; fileRef = 60B7561D28A544380055CA02 /* SceneDelegate.swift */; };
		60B7562028A544380055CA02 /* MainVC.swift in Sources */ = {isa = PBXBuildFile; fileRef = 60B7561F28A544380055CA02 /* MainVC.swift */; };
		60B7562328A544380055CA02 /* Main.storyboard in Resources */ = {isa = PBXBuildFile; fileRef = 60B7562128A544380055CA02 /* Main.storyboard */; };
		60B7562528A5443A0055CA02 /* Assets.xcassets in Resources */ = {isa = PBXBuildFile; fileRef = 60B7562428A5443A0055CA02 /* Assets.xcassets */; };
		60B7562828A5443A0055CA02 /* LaunchScreen.storyboard in Resources */ = {isa = PBXBuildFile; fileRef = 60B7562628A5443A0055CA02 /* LaunchScreen.storyboard */; };
		60B7563328A544B20055CA02 /* RadioStation.swift in Sources */ = {isa = PBXBuildFile; fileRef = 60B7563228A544B20055CA02 /* RadioStation.swift */; };
		60B7563528A5489E0055CA02 /* CollectionViewCell.swift in Sources */ = {isa = PBXBuildFile; fileRef = 60B7563428A5489E0055CA02 /* CollectionViewCell.swift */; };
		60B7563728A54A360055CA02 /* MyRadios.swift in Sources */ = {isa = PBXBuildFile; fileRef = 60B7563628A54A360055CA02 /* MyRadios.swift */; };
/* End PBXBuildFile section */

/* Begin PBXFileReference section */
		60B7561828A544380055CA02 /* RadioLive.app */ = {isa = PBXFileReference; explicitFileType = wrapper.application; includeInIndex = 0; path = RadioLive.app; sourceTree = BUILT_PRODUCTS_DIR; };
		60B7561B28A544380055CA02 /* AppDelegate.swift */ = {isa = PBXFileReference; lastKnownFileType = sourcecode.swift; path = AppDelegate.swift; sourceTree = "<group>"; };
		60B7561D28A544380055CA02 /* SceneDelegate.swift */ = {isa = PBXFileReference; lastKnownFileType = sourcecode.swift; path = SceneDelegate.swift; sourceTree = "<group>"; };
		60B7561F28A544380055CA02 /* MainVC.swift */ = {isa = PBXFileReference; lastKnownFileType = sourcecode.swift; path = MainVC.swift; sourceTree = "<group>"; };
		60B7562228A544380055CA02 /* Base */ = {isa = PBXFileReference; lastKnownFileType = file.storyboard; name = Base; path = Base.lproj/Main.storyboard; sourceTree = "<group>"; };
		60B7562428A5443A0055CA02 /* Assets.xcassets */ = {isa = PBXFileReference; lastKnownFileType = folder.assetcatalog; path = Assets.xcassets; sourceTree = "<group>"; };
		60B7562728A5443A0055CA02 /* Base */ = {isa = PBXFileReference; lastKnownFileType = file.storyboard; name = Base; path = Base.lproj/LaunchScreen.storyboard; sourceTree = "<group>"; };
		60B7562928A5443A0055CA02 /* Info.plist */ = {isa = PBXFileReference; lastKnownFileType = text.plist.xml; path = Info.plist; sourceTree = "<group>"; };
		60B7563228A544B20055CA02 /* RadioStation.swift */ = {isa = PBXFileReference; lastKnownFileType = sourcecode.swift; path = RadioStation.swift; sourceTree = "<group>"; };
		60B7563428A5489E0055CA02 /* CollectionViewCell.swift */ = {isa = PBXFileReference; lastKnownFileType = sourcecode.swift; path = CollectionViewCell.swift; sourceTree = "<group>"; };
		60B7563628A54A360055CA02 /* MyRadios.swift */ = {isa = PBXFileReference; lastKnownFileType = sourcecode.swift; path = MyRadios.swift; sourceTree = "<group>"; };
/* End PBXFileReference section */

/* Begin PBXFrameworksBuildPhase section */
		60B7561528A544380055CA02 /* Frameworks */ = {
			isa = PBXFrameworksBuildPhase;
			buildActionMask = 2147483647;
			files = (
			);
			runOnlyForDeploymentPostprocessing = 0;
		};
/* End PBXFrameworksBuildPhase section */

/* Begin PBXGroup section */
		60B7560F28A544380055CA02 = {
			isa = PBXGroup;
			children = (
				60B7561A28A544380055CA02 /* RadioLive */,
				60B7561928A544380055CA02 /* Products */,
			);
			sourceTree = "<group>";
		};
		60B7561928A544380055CA02 /* Products */ = {
			isa = PBXGroup;
			children = (
				60B7561828A544380055CA02 /* RadioLive.app */,
			);
			name = Products;
			sourceTree = "<group>";
		};
		60B7561A28A544380055CA02 /* RadioLive */ = {
			isa = PBXGroup;
			children = (
				60B7563128A544720055CA02 /* Model */,
				60B7563028A544660055CA02 /* Controller */,
				60B7562F28A5445E0055CA02 /* View */,
				60B7562428A5443A0055CA02 /* Assets.xcassets */,
				60B7562928A5443A0055CA02 /* Info.plist */,
			);
			path = RadioLive;
			sourceTree = "<group>";
		};
		60B7562F28A5445E0055CA02 /* View */ = {
			isa = PBXGroup;
			children = (
				60B7562128A544380055CA02 /* Main.storyboard */,
				60B7562628A5443A0055CA02 /* LaunchScreen.storyboard */,
			);
			path = View;
			sourceTree = "<group>";
		};
		60B7563028A544660055CA02 /* Controller */ = {
			isa = PBXGroup;
			children = (
				60B7561F28A544380055CA02 /* MainVC.swift */,
				60B7563428A5489E0055CA02 /* CollectionViewCell.swift */,
				60B7561B28A544380055CA02 /* AppDelegate.swift */,
				60B7561D28A544380055CA02 /* SceneDelegate.swift */,
			);
			path = Controller;
			sourceTree = "<group>";
		};
		60B7563128A544720055CA02 /* Model */ = {
			isa = PBXGroup;
			children = (
				60B7563228A544B20055CA02 /* RadioStation.swift */,
				60B7563628A54A360055CA02 /* MyRadios.swift */,
			);
			path = Model;
			sourceTree = "<group>";
		};
/* End PBXGroup section */

/* Begin PBXNativeTarget section */
		60B7561728A544380055CA02 /* RadioLive */ = {
			isa = PBXNativeTarget;
			buildConfigurationList = 60B7562C28A5443A0055CA02 /* Build configuration list for PBXNativeTarget "RadioLive" */;
			buildPhases = (
				60B7561428A544380055CA02 /* Sources */,
				60B7561528A544380055CA02 /* Frameworks */,
				60B7561628A544380055CA02 /* Resources */,
			);
			buildRules = (
			);
			dependencies = (
			);
			name = RadioLive;
			productName = RadioLive;
			productReference = 60B7561828A544380055CA02 /* RadioLive.app */;
			productType = "com.apple.product-type.application";
		};
/* End PBXNativeTarget section */

/* Begin PBXProject section */
		60B7561028A544380055CA02 /* Project object */ = {
			isa = PBXProject;
			attributes = {
				BuildIndependentTargetsInParallel = 1;
				LastSwiftUpdateCheck = 1340;
				LastUpgradeCheck = 1340;
				TargetAttributes = {
					60B7561728A544380055CA02 = {
						CreatedOnToolsVersion = 13.4.1;
					};
				};
			};
			buildConfigurationList = 60B7561328A544380055CA02 /* Build configuration list for PBXProject "RadioLive" */;
			compatibilityVersion = "Xcode 13.0";
			developmentRegion = en;
			hasScannedForEncodings = 0;
			knownRegions = (
				en,
				Base,
			);
			mainGroup = 60B7560F28A544380055CA02;
			productRefGroup = 60B7561928A544380055CA02 /* Products */;
			projectDirPath = "";
			projectRoot = "";
			targets = (
				60B7561728A544380055CA02 /* RadioLive */,
			);
		};
/* End PBXProject section */

/* Begin PBXResourcesBuildPhase section */
		60B7561628A544380055CA02 /* Resources */ = {
			isa = PBXResourcesBuildPhase;
			buildActionMask = 2147483647;
			files = (
				60B7562828A5443A0055CA02 /* LaunchScreen.storyboard in Resources */,
				60B7562528A5443A0055CA02 /* Assets.xcassets in Resources */,
				60B7562328A544380055CA02 /* Main.storyboard in Resources */,
			);
			runOnlyForDeploymentPostprocessing = 0;
		};
/* End PBXResourcesBuildPhase section */

/* Begin PBXSourcesBuildPhase section */
		60B7561428A544380055CA02 /* Sources */ = {
			isa = PBXSourcesBuildPhase;
			buildActionMask = 2147483647;
			files = (
				60B7563528A5489E0055CA02 /* CollectionViewCell.swift in Sources */,
				60B7562028A544380055CA02 /* MainVC.swift in Sources */,
				60B7561C28A544380055CA02 /* AppDelegate.swift in Sources */,
				60B7563728A54A360055CA02 /* MyRadios.swift in Sources */,
				60B7563328A544B20055CA02 /* RadioStation.swift in Sources */,
				60B7561E28A544380055CA02 /* SceneDelegate.swift in Sources */,
			);
			runOnlyForDeploymentPostprocessing = 0;
		};
/* End PBXSourcesBuildPhase section */

/* Begin PBXVariantGroup section */
		60B7562128A544380055CA02 /* Main.storyboard */ = {
			isa = PBXVariantGroup;
			children = (
				60B7562228A544380055CA02 /* Base */,
			);
			name = Main.storyboard;
			sourceTree = "<group>";
		};
		60B7562628A5443A0055CA02 /* LaunchScreen.storyboard */ = {
			isa = PBXVariantGroup;
			children = (
				60B7562728A5443A0055CA02 /* Base */,
			);
			name = LaunchScreen.storyboard;
			sourceTree = "<group>";
		};
/* End PBXVariantGroup section */

/* Begin XCBuildConfiguration section */
		60B7562A28A5443A0055CA02 /* Debug */ = {
			isa = XCBuildConfiguration;
			buildSettings = {
				ALWAYS_SEARCH_USER_PATHS = NO;
				CLANG_ANALYZER_NONNULL = YES;
				CLANG_ANALYZER_NUMBER_OBJECT_CONVERSION = YES_AGGRESSIVE;
				CLANG_CXX_LANGUAGE_STANDARD = "gnu++17";
				CLANG_ENABLE_MODULES = YES;
				CLANG_ENABLE_OBJC_ARC = YES;
				CLANG_ENABLE_OBJC_WEAK = YES;
				CLANG_WARN_BLOCK_CAPTURE_AUTORELEASING = YES;
				CLANG_WARN_BOOL_CONVERSION = YES;
				CLANG_WARN_COMMA = YES;
				CLANG_WARN_CONSTANT_CONVERSION = YES;
				CLANG_WARN_DEPRECATED_OBJC_IMPLEMENTATIONS = YES;
				CLANG_WARN_DIRECT_OBJC_ISA_USAGE = YES_ERROR;
				CLANG_WARN_DOCUMENTATION_COMMENTS = YES;
				CLANG_WARN_EMPTY_BODY = YES;
				CLANG_WARN_ENUM_CONVERSION = YES;
				CLANG_WARN_INFINITE_RECURSION = YES;
				CLANG_WARN_INT_CONVERSION = YES;
				CLANG_WARN_NON_LITERAL_NULL_CONVERSION = YES;
				CLANG_WARN_OBJC_IMPLICIT_RETAIN_SELF = YES;
				CLANG_WARN_OBJC_LITERAL_CONVERSION = YES;
				CLANG_WARN_OBJC_ROOT_CLASS = YES_ERROR;
				CLANG_WARN_QUOTED_INCLUDE_IN_FRAMEWORK_HEADER = YES;
				CLANG_WARN_RANGE_LOOP_ANALYSIS = YES;
				CLANG_WARN_STRICT_PROTOTYPES = YES;
				CLANG_WARN_SUSPICIOUS_MOVE = YES;
				CLANG_WARN_UNGUARDED_AVAILABILITY = YES_AGGRESSIVE;
				CLANG_WARN_UNREACHABLE_CODE = YES;
				CLANG_WARN__DUPLICATE_METHOD_MATCH = YES;
				COPY_PHASE_STRIP = NO;
				DEBUG_INFORMATION_FORMAT = dwarf;
				ENABLE_STRICT_OBJC_MSGSEND = YES;
				ENABLE_TESTABILITY = YES;
				GCC_C_LANGUAGE_STANDARD = gnu11;
				GCC_DYNAMIC_NO_PIC = NO;
				GCC_NO_COMMON_BLOCKS = YES;
				GCC_OPTIMIZATION_LEVEL = 0;
				GCC_PREPROCESSOR_DEFINITIONS = (
					"DEBUG=1",
					"$(inherited)",
				);
				GCC_WARN_64_TO_32_BIT_CONVERSION = YES;
				GCC_WARN_ABOUT_RETURN_TYPE = YES_ERROR;
				GCC_WARN_UNDECLARED_SELECTOR = YES;
				GCC_WARN_UNINITIALIZED_AUTOS = YES_AGGRESSIVE;
				GCC_WARN_UNUSED_FUNCTION = YES;
				GCC_WARN_UNUSED_VARIABLE = YES;
				IPHONEOS_DEPLOYMENT_TARGET = 15.5;
				MTL_ENABLE_DEBUG_INFO = INCLUDE_SOURCE;
				MTL_FAST_MATH = YES;
				ONLY_ACTIVE_ARCH = YES;
				SDKROOT = iphoneos;
				SWIFT_ACTIVE_COMPILATION_CONDITIONS = DEBUG;
				SWIFT_OPTIMIZATION_LEVEL = "-Onone";
			};
			name = Debug;
		};
		60B7562B28A5443A0055CA02 /* Release */ = {
			isa = XCBuildConfiguration;
			buildSettings = {
				ALWAYS_SEARCH_USER_PATHS = NO;
				CLANG_ANALYZER_NONNULL = YES;
				CLANG_ANALYZER_NUMBER_OBJECT_CONVERSION = YES_AGGRESSIVE;
				CLANG_CXX_LANGUAGE_STANDARD = "gnu++17";
				CLANG_ENABLE_MODULES = YES;
				CLANG_ENABLE_OBJC_ARC = YES;
				CLANG_ENABLE_OBJC_WEAK = YES;
				CLANG_WARN_BLOCK_CAPTURE_AUTORELEASING = YES;
				CLANG_WARN_BOOL_CONVERSION = YES;
				CLANG_WARN_COMMA = YES;
				CLANG_WARN_CONSTANT_CONVERSION = YES;
				CLANG_WARN_DEPRECATED_OBJC_IMPLEMENTATIONS = YES;
				CLANG_WARN_DIRECT_OBJC_ISA_USAGE = YES_ERROR;
				CLANG_WARN_DOCUMENTATION_COMMENTS = YES;
				CLANG_WARN_EMPTY_BODY = YES;
				CLANG_WARN_ENUM_CONVERSION = YES;
				CLANG_WARN_INFINITE_RECURSION = YES;
				CLANG_WARN_INT_CONVERSION = YES;
				CLANG_WARN_NON_LITERAL_NULL_CONVERSION = YES;
				CLANG_WARN_OBJC_IMPLICIT_RETAIN_SELF = YES;
				CLANG_WARN_OBJC_LITERAL_CONVERSION = YES;
				CLANG_WARN_OBJC_ROOT_CLASS = YES_ERROR;
				CLANG_WARN_QUOTED_INCLUDE_IN_FRAMEWORK_HEADER = YES;
				CLANG_WARN_RANGE_LOOP_ANALYSIS = YES;
				CLANG_WARN_STRICT_PROTOTYPES = YES;
				CLANG_WARN_SUSPICIOUS_MOVE = YES;
				CLANG_WARN_UNGUARDED_AVAILABILITY = YES_AGGRESSIVE;
				CLANG_WARN_UNREACHABLE_CODE = YES;
				CLANG_WARN__DUPLICATE_METHOD_MATCH = YES;
				COPY_PHASE_STRIP = NO;
				DEBUG_INFORMATION_FORMAT = "dwarf-with-dsym";
				ENABLE_NS_ASSERTIONS = NO;
				ENABLE_STRICT_OBJC_MSGSEND = YES;
				GCC_C_LANGUAGE_STANDARD = gnu11;
				GCC_NO_COMMON_BLOCKS = YES;
				GCC_WARN_64_TO_32_BIT_CONVERSION = YES;
				GCC_WARN_ABOUT_RETURN_TYPE = YES_ERROR;
				GCC_WARN_UNDECLARED_SELECTOR = YES;
				GCC_WARN_UNINITIALIZED_AUTOS = YES_AGGRESSIVE;
				GCC_WARN_UNUSED_FUNCTION = YES;
				GCC_WARN_UNUSED_VARIABLE = YES;
				IPHONEOS_DEPLOYMENT_TARGET = 15.5;
				MTL_ENABLE_DEBUG_INFO = NO;
				MTL_FAST_MATH = YES;
				SDKROOT = iphoneos;
				SWIFT_COMPILATION_MODE = wholemodule;
				SWIFT_OPTIMIZATION_LEVEL = "-O";
				VALIDATE_PRODUCT = YES;
			};
			name = Release;
		};
		60B7562D28A5443A0055CA02 /* Debug */ = {
			isa = XCBuildConfiguration;
			buildSettings = {
				ASSETCATALOG_COMPILER_APPICON_NAME = AppIcon;
				ASSETCATALOG_COMPILER_GLOBAL_ACCENT_COLOR_NAME = AccentColor;
				CODE_SIGN_STYLE = Automatic;
				CURRENT_PROJECT_VERSION = 1;
				DEVELOPMENT_TEAM = R2HYM77JZB;
				GENERATE_INFOPLIST_FILE = YES;
				INFOPLIST_FILE = RadioLive/Info.plist;
				INFOPLIST_KEY_UIApplicationSupportsIndirectInputEvents = YES;
				INFOPLIST_KEY_UILaunchStoryboardName = LaunchScreen;
				INFOPLIST_KEY_UIMainStoryboardFile = Main;
				INFOPLIST_KEY_UISupportedInterfaceOrientations_iPad = "UIInterfaceOrientationPortrait UIInterfaceOrientationPortraitUpsideDown UIInterfaceOrientationLandscapeLeft UIInterfaceOrientationLandscapeRight";
				INFOPLIST_KEY_UISupportedInterfaceOrientations_iPhone = "UIInterfaceOrientationPortrait UIInterfaceOrientationLandscapeLeft UIInterfaceOrientationLandscapeRight";
				IPHONEOS_DEPLOYMENT_TARGET = 13.5;
				LD_RUNPATH_SEARCH_PATHS = (
					"$(inherited)",
					"@executable_path/Frameworks",
				);
				MARKETING_VERSION = 1.0;
				PRODUCT_BUNDLE_IDENTIFIER = com.burakaltunoluk.radioLive.RadioLive;
				PRODUCT_NAME = "$(TARGET_NAME)";
				SWIFT_EMIT_LOC_STRINGS = YES;
				SWIFT_VERSION = 5.0;
				TARGETED_DEVICE_FAMILY = "1,2";
			};
			name = Debug;
		};
		60B7562E28A5443A0055CA02 /* Release */ = {
			isa = XCBuildConfiguration;
			buildSettings = {
				ASSETCATALOG_COMPILER_APPICON_NAME = AppIcon;
				ASSETCATALOG_COMPILER_GLOBAL_ACCENT_COLOR_NAME = AccentColor;
				CODE_SIGN_STYLE = Automatic;
				CURRENT_PROJECT_VERSION = 1;
				DEVELOPMENT_TEAM = R2HYM77JZB;
				GENERATE_INFOPLIST_FILE = YES;
				INFOPLIST_FILE = RadioLive/Info.plist;
				INFOPLIST_KEY_UIApplicationSupportsIndirectInputEvents = YES;
				INFOPLIST_KEY_UILaunchStoryboardName = LaunchScreen;
				INFOPLIST_KEY_UIMainStoryboardFile = Main;
				INFOPLIST_KEY_UISupportedInterfaceOrientations_iPad = "UIInterfaceOrientationPortrait UIInterfaceOrientationPortraitUpsideDown UIInterfaceOrientationLandscapeLeft UIInterfaceOrientationLandscapeRight";
				INFOPLIST_KEY_UISupportedInterfaceOrientations_iPhone = "UIInterfaceOrientationPortrait UIInterfaceOrientationLandscapeLeft UIInterfaceOrientationLandscapeRight";
				IPHONEOS_DEPLOYMENT_TARGET = 13.5;
				LD_RUNPATH_SEARCH_PATHS = (
					"$(inherited)",
					"@executable_path/Frameworks",
				);
				MARKETING_VERSION = 1.0;
				PRODUCT_BUNDLE_IDENTIFIER = com.burakaltunoluk.radioLive.RadioLive;
				PRODUCT_NAME = "$(TARGET_NAME)";
				SWIFT_EMIT_LOC_STRINGS = YES;
				SWIFT_VERSION = 5.0;
				TARGETED_DEVICE_FAMILY = "1,2";
			};
			name = Release;
		};
/* End XCBuildConfiguration section */

/* Begin XCConfigurationList section */
		60B7561328A544380055CA02 /* Build configuration list for PBXProject "RadioLive" */ = {
			isa = XCConfigurationList;
			buildConfigurations = (
				60B7562A28A5443A0055CA02 /* Debug */,
				60B7562B28A5443A0055CA02 /* Release */,
			);
			defaultConfigurationIsVisible = 0;
			defaultConfigurationName = Release;
		};
		60B7562C28A5443A0055CA02 /* Build configuration list for PBXNativeTarget "RadioLive" */ = {
			isa = XCConfigurationList;
			buildConfigurations = (
				60B7562D28A5443A0055CA02 /* Debug */,
				60B7562E28A5443A0055CA02 /* Release */,
			);
			defaultConfigurationIsVisible = 0;
			defaultConfigurationName = Release;
		};
/* End XCConfigurationList section */
	};
	rootObject = 60B7561028A544380055CA02 /* Project object */;
}
